
Microsoft Visual Studio Solution File, Format Version 12.00
# Visual Studio Version 16
VisualStudioVersion = 16.0.30320.27
MinimumVisualStudioVersion = 10.0.40219.1
Project("{FAE04EC0-301F-11D3-BF4B-00C04F79EFBC}") = "WordPad_HyoriMa", "WordPad_HyoriMa.csproj", "{6CC027C5-E51B-4447-A950-E7632C40757D}"
EndProject
Global
	GlobalSection(SolutionConfigurationPlatforms) = preSolution
		Debug|Any CPU = Debug|Any CPU
		Release|Any CPU = Release|Any CPU
	EndGlobalSection
	GlobalSection(ProjectConfigurationPlatforms) = postSolution
		{6CC027C5-E51B-4447-A950-E7632C40757D}.Debug|Any CPU.ActiveCfg = Debug|Any CPU
		{6CC027C5-E51B-4447-A950-E7632C40757D}.Debug|Any CPU.Build.0 = Debug|Any CPU
		{6CC027C5-E51B-4447-A950-E7632C40757D}.Release|Any CPU.ActiveCfg = Release|Any CPU
		{6CC027C5-E51B-4447-A950-E7632C40757D}.Release|Any CPU.Build.0 = Release|Any CPU
	EndGlobalSection
	GlobalSection(SolutionProperties) = preSolution
		HideSolutionNode = FALSE
	EndGlobalSection
	GlobalSection(ExtensibilityGlobals) = postSolution
		SolutionGuid = {17302C90-6AE5-49D4-93E3-190AEE3248EA}
	EndGlobalSection
EndGlobal
